
Microsoft Visual Studio Solution File, Format Version 12.00
# Visual Studio Version 17
VisualStudioVersion = 17.14.37328.6 d17.14
MinimumVisualStudioVersion = 10.0.40219.1
Project("{FAE04EC0-301F-11D3-BF4B-00C04F79EFBC}") = "ConsoleMultverse", "ConsoleMultverse\ConsoleMultverse.csproj", "{AA5CF435-CAF3-40B1-83DA-E498769DD267}"
EndProject
Global
	GlobalSection(SolutionConfigurationPlatforms) = preSolution
		Debug|Any CPU = Debug|Any CPU
		Release|Any CPU = Release|Any CPU
	EndGlobalSection
	GlobalSection(ProjectConfigurationPlatforms) = postSolution
		{AA5CF435-CAF3-40B1-83DA-E498769DD267}.Debug|Any CPU.ActiveCfg = Debug|Any CPU
		{AA5CF435-CAF3-40B1-83DA-E498769DD267}.Debug|Any CPU.Build.0 = Debug|Any CPU
		{AA5CF435-CAF3-40B1-83DA-E498769DD267}.Release|Any CPU.ActiveCfg = Release|Any CPU
		{AA5CF435-CAF3-40B1-83DA-E498769DD267}.Release|Any CPU.Build.0 = Release|Any CPU
	EndGlobalSection
	GlobalSection(SolutionProperties) = preSolution
		HideSolutionNode = FALSE
	EndGlobalSection
	GlobalSection(ExtensibilityGlobals) = postSolution
		SolutionGuid = {691CD1F8-78A3-49BE-889C-F18B3D69F34C}
	EndGlobalSection
EndGlobal
